
Microsoft Visual Studio Solution File, Format Version 12.00
Project("{FAE04EC0-301F-11D3-BF4B-00C04F79EFBC}") = "Tic-Tac-Toe", "Tic-Tac-Toe\Tic-Tac-Toe.csproj", "{5A5A411E-58FE-4E03-B039-79200A954800}"
EndProject
Project("{FAE04EC0-301F-11D3-BF4B-00C04F79EFBC}") = "MenuLib", "MenuLib\MenuLib.csproj", "{ABBD2494-6F3C-4A78-B5DA-C2270B12AD82}"
EndProject
Global
	GlobalSection(SolutionConfigurationPlatforms) = preSolution
		Debug|Any CPU = Debug|Any CPU
		Debug|x64 = Debug|x64
		Debug|x86 = Debug|x86
		Release|Any CPU = Release|Any CPU
		Release|x64 = Release|x64
		Release|x86 = Release|x86
	EndGlobalSection
	GlobalSection(ProjectConfigurationPlatforms) = postSolution
		{5A5A411E-58FE-4E03-B039-79200A954800}.Debug|Any CPU.ActiveCfg = Debug|Any CPU
		{5A5A411E-58FE-4E03-B039-79200A954800}.Debug|Any CPU.Build.0 = Debug|Any CPU
		{5A5A411E-58FE-4E03-B039-79200A954800}.Debug|x64.ActiveCfg = Debug|Any CPU
		{5A5A411E-58FE-4E03-B039-79200A954800}.Debug|x64.Build.0 = Debug|Any CPU
		{5A5A411E-58FE-4E03-B039-79200A954800}.Debug|x86.ActiveCfg = Debug|Any CPU
		{5A5A411E-58FE-4E03-B039-79200A954800}.Debug|x86.Build.0 = Debug|Any CPU
		{5A5A411E-58FE-4E03-B039-79200A954800}.Release|Any CPU.ActiveCfg = Release|Any CPU
		{5A5A411E-58FE-4E03-B039-79200A954800}.Release|Any CPU.Build.0 = Release|Any CPU
		{5A5A411E-58FE-4E03-B039-79200A954800}.Release|x64.ActiveCfg = Release|Any CPU
		{5A5A411E-58FE-4E03-B039-79200A954800}.Release|x64.Build.0 = Release|Any CPU
		{5A5A411E-58FE-4E03-B039-79200A954800}.Release|x86.ActiveCfg = Release|Any CPU
		{5A5A411E-58FE-4E03-B039-79200A954800}.Release|x86.Build.0 = Release|Any CPU
		{ABBD2494-6F3C-4A78-B5DA-C2270B12AD82}.Debug|Any CPU.ActiveCfg = Debug|Any CPU
		{ABBD2494-6F3C-4A78-B5DA-C2270B12AD82}.Debug|Any CPU.Build.0 = Debug|Any CPU
		{ABBD2494-6F3C-4A78-B5DA-C2270B12AD82}.Debug|x64.ActiveCfg = Debug|Any CPU
		{ABBD2494-6F3C-4A78-B5DA-C2270B12AD82}.Debug|x64.Build.0 = Debug|Any CPU
		{ABBD2494-6F3C-4A78-B5DA-C2270B12AD82}.Debug|x86.ActiveCfg = Debug|Any CPU
		{ABBD2494-6F3C-4A78-B5DA-C2270B12AD82}.Debug|x86.Build.0 = Debug|Any CPU
		{ABBD2494-6F3C-4A78-B5DA-C2270B12AD82}.Release|Any CPU.ActiveCfg = Release|Any CPU
		{ABBD2494-6F3C-4A78-B5DA-C2270B12AD82}.Release|Any CPU.Build.0 = Release|Any CPU
		{ABBD2494-6F3C-4A78-B5DA-C2270B12AD82}.Release|x64.ActiveCfg = Release|Any CPU
		{ABBD2494-6F3C-4A78-B5DA-C2270B12AD82}.Release|x64.Build.0 = Release|Any CPU
		{ABBD2494-6F3C-4A78-B5DA-C2270B12AD82}.Release|x86.ActiveCfg = Release|Any CPU
		{ABBD2494-6F3C-4A78-B5DA-C2270B12AD82}.Release|x86.Build.0 = Release|Any CPU
	EndGlobalSection
	GlobalSection(SolutionProperties) = preSolution
		HideSolutionNode = FALSE
	EndGlobalSection
EndGlobal
